// !$*UTF8*$!
{
	archiveVersion = 1;
	classes = {
	};
	objectVersion = 51;
	objects = {

/* Begin PBXBuildFile section */
		0983DBBB26D3AC3400E667FF /* AppDelegate.m in Sources */ = {isa = PBXBuildFile; fileRef = 0983DBBA26D3AC3400E667FF /* AppDelegate.m */; };
		0983DBBE26D3AC3400E667FF /* SceneDelegate.m in Sources */ = {isa = PBXBuildFile; fileRef = 0983DBBD26D3AC3400E667FF /* SceneDelegate.m */; };
		0983DBC126D3AC3400E667FF /* ViewController.m in Sources */ = {isa = PBXBuildFile; fileRef = 0983DBC026D3AC3400E667FF /* ViewController.m */; };
		0983DBC426D3AC3400E667FF /* Main.storyboard in Resources */ = {isa = PBXBuildFile; fileRef = 0983DBC226D3AC3400E667FF /* Main.storyboard */; };
		0983DBC626D3AC3400E667FF /* Assets.xcassets in Resources */ = {isa = PBXBuildFile; fileRef = 0983DBC526D3AC3400E667FF /* Assets.xcassets */; };
		0983DBC926D3AC3400E667FF /* LaunchScreen.storyboard in Resources */ = {isa = PBXBuildFile; fileRef = 0983DBC726D3AC3400E667FF /* LaunchScreen.storyboard */; };
		0983DBCC26D3AC3400E667FF /* main.m in Sources */ = {isa = PBXBuildFile; fileRef = 0983DBCB26D3AC3400E667FF /* main.m */; };
		0983DBD626D3AC3500E667FF /* CRScrollViewLinkageTests.m in Sources */ = {isa = PBXBuildFile; fileRef = 0983DBD526D3AC3500E667FF /* CRScrollViewLinkageTests.m */; };
		0983DBE126D3AC3500E667FF /* CRScrollViewLinkageUITests.m in Sources */ = {isa = PBXBuildFile; fileRef = 0983DBE026D3AC3500E667FF /* CRScrollViewLinkageUITests.m */; };
		0983DBF626D3AC6600E667FF /* BearTestBaseScrollView.m in Sources */ = {isa = PBXBuildFile; fileRef = 0983DBEE26D3AC6500E667FF /* BearTestBaseScrollView.m */; };
		0983DBF726D3AC6600E667FF /* BearChildView.m in Sources */ = {isa = PBXBuildFile; fileRef = 0983DBF026D3AC6500E667FF /* BearChildView.m */; };
		0983DBF826D3AC6600E667FF /* BearTestScrollView.m in Sources */ = {isa = PBXBuildFile; fileRef = 0983DBF326D3AC6500E667FF /* BearTestScrollView.m */; };
		0983DBF926D3AC6600E667FF /* BearChildTableView.m in Sources */ = {isa = PBXBuildFile; fileRef = 0983DBF526D3AC6600E667FF /* BearChildTableView.m */; };
		0983DC0926D3AC8400E667FF /* UIScrollView+LBLinkage.m in Sources */ = {isa = PBXBuildFile; fileRef = 0983DBFD26D3AC8400E667FF /* UIScrollView+LBLinkage.m */; };
		0983DC0A26D3AC8400E667FF /* LBLinkageConfig.m in Sources */ = {isa = PBXBuildFile; fileRef = 0983DBFF26D3AC8400E667FF /* LBLinkageConfig.m */; };
		0983DC0B26D3AC8400E667FF /* LBLinkageManager.m in Sources */ = {isa = PBXBuildFile; fileRef = 0983DC0226D3AC8400E667FF /* LBLinkageManager.m */; };
		0983DC0C26D3AC8400E667FF /* LBLinkageHookInstanceCook.m in Sources */ = {isa = PBXBuildFile; fileRef = 0983DC0526D3AC8400E667FF /* LBLinkageHookInstanceCook.m */; };
		0983DC0D26D3AC8400E667FF /* LBLinkageScrollViewHook.m in Sources */ = {isa = PBXBuildFile; fileRef = 0983DC0826D3AC8400E667FF /* LBLinkageScrollViewHook.m */; };
		14C862A13208C92BCAE8CF82 /* Pods_CRScrollViewLinkage_CRScrollViewLinkageUITests.framework in Frameworks */ = {isa = PBXBuildFile; fileRef = 98CFEDC8729EB1A4B49A5060 /* Pods_CRScrollViewLinkage_CRScrollViewLinkageUITests.framework */; };
		8465D656627D855441130062 /* Pods_CRScrollViewLinkageTests.framework in Frameworks */ = {isa = PBXBuildFile; fileRef = 73D059142498613D18AF4E73 /* Pods_CRScrollViewLinkageTests.framework */; };
		ABAD2B01D539525049B2DA12 /* Pods_CRScrollViewLinkage.framework in Frameworks */ = {isa = PBXBuildFile; fileRef = D7BF2E1E7553D2C23C9FF3DD /* Pods_CRScrollViewLinkage.framework */; };
/* End PBXBuildFile section */

/* Begin PBXContainerItemProxy section */
		0983DBD226D3AC3500E667FF /* PBXContainerItemProxy */ = {
			isa = PBXContainerItemProxy;
			containerPortal = 0983DBAE26D3AC3300E667FF /* Project object */;
			proxyType = 1;
			remoteGlobalIDString = 0983DBB526D3AC3300E667FF;
			remoteInfo = CRScrollViewLinkage;
		};
		0983DBDD26D3AC3500E667FF /* PBXContainerItemProxy */ = {
			isa = PBXContainerItemProxy;
			containerPortal = 0983DBAE26D3AC3300E667FF /* Project object */;
			proxyType = 1;
			remoteGlobalIDString = 0983DBB526D3AC3300E667FF;
			remoteInfo = CRScrollViewLinkage;
		};
/* End PBXContainerItemProxy section */

/* Begin PBXFileReference section */
		0983DBB626D3AC3300E667FF /* CRScrollViewLinkage.app */ = {isa = PBXFileReference; explicitFileType = wrapper.application; includeInIndex = 0; path = CRScrollViewLinkage.app; sourceTree = BUILT_PRODUCTS_DIR; };
		0983DBB926D3AC3400E667FF /* AppDelegate.h */ = {isa = PBXFileReference; lastKnownFileType = sourcecode.c.h; path = AppDelegate.h; sourceTree = "<group>"; };
		0983DBBA26D3AC3400E667FF /* AppDelegate.m */ = {isa = PBXFileReference; lastKnownFileType = sourcecode.c.objc; path = AppDelegate.m; sourceTree = "<group>"; };
		0983DBBC26D3AC3400E667FF /* SceneDelegate.h */ = {isa = PBXFileReference; lastKnownFileType = sourcecode.c.h; path = SceneDelegate.h; sourceTree = "<group>"; };
		0983DBBD26D3AC3400E667FF /* SceneDelegate.m */ = {isa = PBXFileReference; lastKnownFileType = sourcecode.c.objc; path = SceneDelegate.m; sourceTree = "<group>"; };
		0983DBBF26D3AC3400E667FF /* ViewController.h */ = {isa = PBXFileReference; lastKnownFileType = sourcecode.c.h; path = ViewController.h; sourceTree = "<group>"; };
		0983DBC026D3AC3400E667FF /* ViewController.m */ = {isa = PBXFileReference; lastKnownFileType = sourcecode.c.objc; path = ViewController.m; sourceTree = "<group>"; };
		0983DBC326D3AC3400E667FF /* Base */ = {isa = PBXFileReference; lastKnownFileType = file.storyboard; name = Base; path = Base.lproj/Main.storyboard; sourceTree = "<group>"; };
		0983DBC526D3AC3400E667FF /* Assets.xcassets */ = {isa = PBXFileReference; lastKnownFileType = folder.assetcatalog; path = Assets.xcassets; sourceTree = "<group>"; };
		0983DBC826D3AC3400E667FF /* Base */ = {isa = PBXFileReference; lastKnownFileType = file.storyboard; name = Base; path = Base.lproj/LaunchScreen.storyboard; sourceTree = "<group>"; };
		0983DBCA26D3AC3400E667FF /* Info.plist */ = {isa = PBXFileReference; lastKnownFileType = text.plist.xml; path = Info.plist; sourceTree = "<group>"; };
		0983DBCB26D3AC3400E667FF /* main.m */ = {isa = PBXFileReference; lastKnownFileType = sourcecode.c.objc; path = main.m; sourceTree = "<group>"; };
		0983DBD126D3AC3500E667FF /* CRScrollViewLinkageTests.xctest */ = {isa = PBXFileReference; explicitFileType = wrapper.cfbundle; includeInIndex = 0; path = CRScrollViewLinkageTests.xctest; sourceTree = BUILT_PRODUCTS_DIR; };
		0983DBD526D3AC3500E667FF /* CRScrollViewLinkageTests.m */ = {isa = PBXFileReference; lastKnownFileType = sourcecode.c.objc; path = CRScrollViewLinkageTests.m; sourceTree = "<group>"; };
		0983DBD726D3AC3500E667FF /* Info.plist */ = {isa = PBXFileReference; lastKnownFileType = text.plist.xml; path = Info.plist; sourceTree = "<group>"; };
		0983DBDC26D3AC3500E667FF /* CRScrollViewLinkageUITests.xctest */ = {isa = PBXFileReference; explicitFileType = wrapper.cfbundle; includeInIndex = 0; path = CRScrollViewLinkageUITests.xctest; sourceTree = BUILT_PRODUCTS_DIR; };
		0983DBE026D3AC3500E667FF /* CRScrollViewLinkageUITests.m */ = {isa = PBXFileReference; lastKnownFileType = sourcecode.c.objc; path = CRScrollViewLinkageUITests.m; sourceTree = "<group>"; };
		0983DBE226D3AC3500E667FF /* Info.plist */ = {isa = PBXFileReference; lastKnownFileType = text.plist.xml; path = Info.plist; sourceTree = "<group>"; };
		0983DBEE26D3AC6500E667FF /* BearTestBaseScrollView.m */ = {isa = PBXFileReference; fileEncoding = 4; lastKnownFileType = sourcecode.c.objc; path = BearTestBaseScrollView.m; sourceTree = "<group>"; };
		0983DBEF26D3AC6500E667FF /* BearTestBaseScrollView.h */ = {isa = PBXFileReference; fileEncoding = 4; lastKnownFileType = sourcecode.c.h; path = BearTestBaseScrollView.h; sourceTree = "<group>"; };
		0983DBF026D3AC6500E667FF /* BearChildView.m */ = {isa = PBXFileReference; fileEncoding = 4; lastKnownFileType = sourcecode.c.objc; path = BearChildView.m; sourceTree = "<group>"; };
		0983DBF126D3AC6500E667FF /* BearTestScrollView.h */ = {isa = PBXFileReference; fileEncoding = 4; lastKnownFileType = sourcecode.c.h; path = BearTestScrollView.h; sourceTree = "<group>"; };
		0983DBF226D3AC6500E667FF /* BearChildTableView.h */ = {isa = PBXFileReference; fileEncoding = 4; lastKnownFileType = sourcecode.c.h; path = BearChildTableView.h; sourceTree = "<group>"; };
		0983DBF326D3AC6500E667FF /* BearTestScrollView.m */ = {isa = PBXFileReference; fileEncoding = 4; lastKnownFileType = sourcecode.c.objc; path = BearTestScrollView.m; sourceTree = "<group>"; };
		0983DBF426D3AC6600E667FF /* BearChildView.h */ = {isa = PBXFileReference; fileEncoding = 4; lastKnownFileType = sourcecode.c.h; path = BearChildView.h; sourceTree = "<group>"; };
		0983DBF526D3AC6600E667FF /* BearChildTableView.m */ = {isa = PBXFileReference; fileEncoding = 4; lastKnownFileType = sourcecode.c.objc; path = BearChildTableView.m; sourceTree = "<group>"; };
		0983DBFC26D3AC8400E667FF /* UIScrollView+LBLinkage.h */ = {isa = PBXFileReference; fileEncoding = 4; lastKnownFileType = sourcecode.c.h; path = "UIScrollView+LBLinkage.h"; sourceTree = "<group>"; };
		0983DBFD26D3AC8400E667FF /* UIScrollView+LBLinkage.m */ = {isa = PBXFileReference; fileEncoding = 4; lastKnownFileType = sourcecode.c.objc; path = "UIScrollView+LBLinkage.m"; sourceTree = "<group>"; };
		0983DBFF26D3AC8400E667FF /* LBLinkageConfig.m */ = {isa = PBXFileReference; fileEncoding = 4; lastKnownFileType = sourcecode.c.objc; path = LBLinkageConfig.m; sourceTree = "<group>"; };
		0983DC0026D3AC8400E667FF /* LBLinkageConfig.h */ = {isa = PBXFileReference; fileEncoding = 4; lastKnownFileType = sourcecode.c.h; path = LBLinkageConfig.h; sourceTree = "<group>"; };
		0983DC0226D3AC8400E667FF /* LBLinkageManager.m */ = {isa = PBXFileReference; fileEncoding = 4; lastKnownFileType = sourcecode.c.objc; path = LBLinkageManager.m; sourceTree = "<group>"; };
		0983DC0326D3AC8400E667FF /* LBLinkageManager.h */ = {isa = PBXFileReference; fileEncoding = 4; lastKnownFileType = sourcecode.c.h; path = LBLinkageManager.h; sourceTree = "<group>"; };
		0983DC0526D3AC8400E667FF /* LBLinkageHookInstanceCook.m */ = {isa = PBXFileReference; fileEncoding = 4; lastKnownFileType = sourcecode.c.objc; path = LBLinkageHookInstanceCook.m; sourceTree = "<group>"; };
		0983DC0626D3AC8400E667FF /* LBLinkageScrollViewHook.h */ = {isa = PBXFileReference; fileEncoding = 4; lastKnownFileType = sourcecode.c.h; path = LBLinkageScrollViewHook.h; sourceTree = "<group>"; };
		0983DC0726D3AC8400E667FF /* LBLinkageHookInstanceCook.h */ = {isa = PBXFileReference; fileEncoding = 4; lastKnownFileType = sourcecode.c.h; path = LBLinkageHookInstanceCook.h; sourceTree = "<group>"; };
		0983DC0826D3AC8400E667FF /* LBLinkageScrollViewHook.m */ = {isa = PBXFileReference; fileEncoding = 4; lastKnownFileType = sourcecode.c.objc; path = LBLinkageScrollViewHook.m; sourceTree = "<group>"; };
		2B513DFE0E24BA67E09DFAE6 /* Pods-CRScrollViewLinkage.debug.xcconfig */ = {isa = PBXFileReference; includeInIndex = 1; lastKnownFileType = text.xcconfig; name = "Pods-CRScrollViewLinkage.debug.xcconfig"; path = "Target Support Files/Pods-CRScrollViewLinkage/Pods-CRScrollViewLinkage.debug.xcconfig"; sourceTree = "<group>"; };
		73D059142498613D18AF4E73 /* Pods_CRScrollViewLinkageTests.framework */ = {isa = PBXFileReference; explicitFileType = wrapper.framework; includeInIndex = 0; path = Pods_CRScrollViewLinkageTests.framework; sourceTree = BUILT_PRODUCTS_DIR; };
		97B7FA92AF9C0DDD97DCB12D /* Pods-CRScrollViewLinkage.release.xcconfig */ = {isa = PBXFileReference; includeInIndex = 1; lastKnownFileType = text.xcconfig; name = "Pods-CRScrollViewLinkage.release.xcconfig"; path = "Target Support Files/Pods-CRScrollViewLinkage/Pods-CRScrollViewLinkage.release.xcconfig"; sourceTree = "<group>"; };
		98CFEDC8729EB1A4B49A5060 /* Pods_CRScrollViewLinkage_CRScrollViewLinkageUITests.framework */ = {isa = PBXFileReference; explicitFileType = wrapper.framework; includeInIndex = 0; path = Pods_CRScrollViewLinkage_CRScrollViewLinkageUITests.framework; sourceTree = BUILT_PRODUCTS_DIR; };
		A1867E79D46353036F189248 /* Pods-CRScrollViewLinkageTests.debug.xcconfig */ = {isa = PBXFileReference; includeInIndex = 1; lastKnownFileType = text.xcconfig; name = "Pods-CRScrollViewLinkageTests.debug.xcconfig"; path = "Target Support Files/Pods-CRScrollViewLinkageTests/Pods-CRScrollViewLinkageTests.debug.xcconfig"; sourceTree = "<group>"; };
		BCF9C669FBBD8715EE2587CD /* Pods-CRScrollViewLinkage-CRScrollViewLinkageUITests.debug.xcconfig */ = {isa = PBXFileReference; includeInIndex = 1; lastKnownFileType = text.xcconfig; name = "Pods-CRScrollViewLinkage-CRScrollViewLinkageUITests.debug.xcconfig"; path = "Target Support Files/Pods-CRScrollViewLinkage-CRScrollViewLinkageUITests/Pods-CRScrollViewLinkage-CRScrollViewLinkageUITests.debug.xcconfig"; sourceTree = "<group>"; };
		C27123CF5B360351082DB0B3 /* Pods-CRScrollViewLinkage-CRScrollViewLinkageUITests.release.xcconfig */ = {isa = PBXFileReference; includeInIndex = 1; lastKnownFileType = text.xcconfig; name = "Pods-CRScrollViewLinkage-CRScrollViewLinkageUITests.release.xcconfig"; path = "Target Support Files/Pods-CRScrollViewLinkage-CRScrollViewLinkageUITests/Pods-CRScrollViewLinkage-CRScrollViewLinkageUITests.release.xcconfig"; sourceTree = "<group>"; };
		D7BF2E1E7553D2C23C9FF3DD /* Pods_CRScrollViewLinkage.framework */ = {isa = PBXFileReference; explicitFileType = wrapper.framework; includeInIndex = 0; path = Pods_CRScrollViewLinkage.framework; sourceTree = BUILT_PRODUCTS_DIR; };
		EE140F9314ED1300E1011713 /* Pods-CRScrollViewLinkageTests.release.xcconfig */ = {isa = PBXFileReference; includeInIndex = 1; lastKnownFileType = text.xcconfig; name = "Pods-CRScrollViewLinkageTests.release.xcconfig"; path = "Target Support Files/Pods-CRScrollViewLinkageTests/Pods-CRScrollViewLinkageTests.release.xcconfig"; sourceTree = "<group>"; };
/* End PBXFileReference section */

/* Begin PBXFrameworksBuildPhase section */
		0983DBB326D3AC3300E667FF /* Frameworks */ = {
			isa = PBXFrameworksBuildPhase;
			buildActionMask = 2147483647;
			files = (
				ABAD2B01D539525049B2DA12 /* Pods_CRScrollViewLinkage.framework in Frameworks */,
			);
			runOnlyForDeploymentPostprocessing = 0;
		};
		0983DBCE26D3AC3500E667FF /* Frameworks */ = {
			isa = PBXFrameworksBuildPhase;
			buildActionMask = 2147483647;
			files = (
				8465D656627D855441130062 /* Pods_CRScrollViewLinkageTests.framework in Frameworks */,
			);
			runOnlyForDeploymentPostprocessing = 0;
		};
		0983DBD926D3AC3500E667FF /* Frameworks */ = {
			isa = PBXFrameworksBuildPhase;
			buildActionMask = 2147483647;
			files = (
				14C862A13208C92BCAE8CF82 /* Pods_CRScrollViewLinkage_CRScrollViewLinkageUITests.framework in Frameworks */,
			);
			runOnlyForDeploymentPostprocessing = 0;
		};
/* End PBXFrameworksBuildPhase section */

/* Begin PBXGroup section */
		0983DBAD26D3AC3300E667FF = {
			isa = PBXGroup;
			children = (
				0983DBB826D3AC3400E667FF /* CRScrollViewLinkage */,
				0983DBD426D3AC3500E667FF /* CRScrollViewLinkageTests */,
				0983DBDF26D3AC3500E667FF /* CRScrollViewLinkageUITests */,
				0983DBB726D3AC3300E667FF /* Products */,
				F19F51E2616A7D59FAECEF10 /* Pods */,
				79C7F10CD5E14A95D2CEC54E /* Frameworks */,
			);
			sourceTree = "<group>";
		};
		0983DBB726D3AC3300E667FF /* Products */ = {
			isa = PBXGroup;
			children = (
				0983DBB626D3AC3300E667FF /* CRScrollViewLinkage.app */,
				0983DBD126D3AC3500E667FF /* CRScrollViewLinkageTests.xctest */,
				0983DBDC26D3AC3500E667FF /* CRScrollViewLinkageUITests.xctest */,
			);
			name = Products;
			sourceTree = "<group>";
		};
		0983DBB826D3AC3400E667FF /* CRScrollViewLinkage */ = {
			isa = PBXGroup;
			children = (
				0983DBB926D3AC3400E667FF /* AppDelegate.h */,
				0983DBBA26D3AC3400E667FF /* AppDelegate.m */,
				0983DBBC26D3AC3400E667FF /* SceneDelegate.h */,
				0983DBBD26D3AC3400E667FF /* SceneDelegate.m */,
				0983DBBF26D3AC3400E667FF /* ViewController.h */,
				0983DBC026D3AC3400E667FF /* ViewController.m */,
				0983DBF226D3AC6500E667FF /* BearChildTableView.h */,
				0983DBF526D3AC6600E667FF /* BearChildTableView.m */,
				0983DBF426D3AC6600E667FF /* BearChildView.h */,
				0983DBF026D3AC6500E667FF /* BearChildView.m */,
				0983DBEF26D3AC6500E667FF /* BearTestBaseScrollView.h */,
				0983DBEE26D3AC6500E667FF /* BearTestBaseScrollView.m */,
				0983DBF126D3AC6500E667FF /* BearTestScrollView.h */,
				0983DBF326D3AC6500E667FF /* BearTestScrollView.m */,
				0983DBFA26D3AC8400E667FF /* LBLinkage */,
				0983DBC226D3AC3400E667FF /* Main.storyboard */,
				0983DBC526D3AC3400E667FF /* Assets.xcassets */,
				0983DBC726D3AC3400E667FF /* LaunchScreen.storyboard */,
				0983DBCA26D3AC3400E667FF /* Info.plist */,
				0983DBCB26D3AC3400E667FF /* main.m */,
			);
			path = CRScrollViewLinkage;
			sourceTree = "<group>";
		};
		0983DBD426D3AC3500E667FF /* CRScrollViewLinkageTests */ = {
			isa = PBXGroup;
			children = (
				0983DBD526D3AC3500E667FF /* CRScrollViewLinkageTests.m */,
				0983DBD726D3AC3500E667FF /* Info.plist */,
			);
			path = CRScrollViewLinkageTests;
			sourceTree = "<group>";
		};
		0983DBDF26D3AC3500E667FF /* CRScrollViewLinkageUITests */ = {
			isa = PBXGroup;
			children = (
				0983DBE026D3AC3500E667FF /* CRScrollViewLinkageUITests.m */,
				0983DBE226D3AC3500E667FF /* Info.plist */,
			);
			path = CRScrollViewLinkageUITests;
			sourceTree = "<group>";
		};
		0983DBFA26D3AC8400E667FF /* LBLinkage */ = {
			isa = PBXGroup;
			children = (
				0983DBFB26D3AC8400E667FF /* Category */,
				0983DBFE26D3AC8400E667FF /* Config */,
				0983DC0126D3AC8400E667FF /* Manager */,
				0983DC0426D3AC8400E667FF /* HookInstanceCook */,
			);
			path = LBLinkage;
			sourceTree = "<group>";
		};
		0983DBFB26D3AC8400E667FF /* Category */ = {
			isa = PBXGroup;
			children = (
				0983DBFC26D3AC8400E667FF /* UIScrollView+LBLinkage.h */,
				0983DBFD26D3AC8400E667FF /* UIScrollView+LBLinkage.m */,
			);
			path = Category;
			sourceTree = "<group>";
		};
		0983DBFE26D3AC8400E667FF /* Config */ = {
			isa = PBXGroup;
			children = (
				0983DBFF26D3AC8400E667FF /* LBLinkageConfig.m */,
				0983DC0026D3AC8400E667FF /* LBLinkageConfig.h */,
			);
			path = Config;
			sourceTree = "<group>";
		};
		0983DC0126D3AC8400E667FF /* Manager */ = {
			isa = PBXGroup;
			children = (
				0983DC0226D3AC8400E667FF /* LBLinkageManager.m */,
				0983DC0326D3AC8400E667FF /* LBLinkageManager.h */,
			);
			path = Manager;
			sourceTree = "<group>";
		};
		0983DC0426D3AC8400E667FF /* HookInstanceCook */ = {
			isa = PBXGroup;
			children = (
				0983DC0526D3AC8400E667FF /* LBLinkageHookInstanceCook.m */,
				0983DC0626D3AC8400E667FF /* LBLinkageScrollViewHook.h */,
				0983DC0726D3AC8400E667FF /* LBLinkageHookInstanceCook.h */,
				0983DC0826D3AC8400E667FF /* LBLinkageScrollViewHook.m */,
			);
			path = HookInstanceCook;
			sourceTree = "<group>";
		};
		79C7F10CD5E14A95D2CEC54E /* Frameworks */ = {
			isa = PBXGroup;
			children = (
				D7BF2E1E7553D2C23C9FF3DD /* Pods_CRScrollViewLinkage.framework */,
				98CFEDC8729EB1A4B49A5060 /* Pods_CRScrollViewLinkage_CRScrollViewLinkageUITests.framework */,
				73D059142498613D18AF4E73 /* Pods_CRScrollViewLinkageTests.framework */,
			);
			name = Frameworks;
			sourceTree = "<group>";
		};
		F19F51E2616A7D59FAECEF10 /* Pods */ = {
			isa = PBXGroup;
			children = (
				2B513DFE0E24BA67E09DFAE6 /* Pods-CRScrollViewLinkage.debug.xcconfig */,
				97B7FA92AF9C0DDD97DCB12D /* Pods-CRScrollViewLinkage.release.xcconfig */,
				BCF9C669FBBD8715EE2587CD /* Pods-CRScrollViewLinkage-CRScrollViewLinkageUITests.debug.xcconfig */,
				C27123CF5B360351082DB0B3 /* Pods-CRScrollViewLinkage-CRScrollViewLinkageUITests.release.xcconfig */,
				A1867E79D46353036F189248 /* Pods-CRScrollViewLinkageTests.debug.xcconfig */,
				EE140F9314ED1300E1011713 /* Pods-CRScrollViewLinkageTests.release.xcconfig */,
			);
			path = Pods;
			sourceTree = "<group>";
		};
/* End PBXGroup section */

/* Begin PBXNativeTarget section */
		0983DBB526D3AC3300E667FF /* CRScrollViewLinkage */ = {
			isa = PBXNativeTarget;
			buildConfigurationList = 0983DBE526D3AC3500E667FF /* Build configuration list for PBXNativeTarget "CRScrollViewLinkage" */;
			buildPhases = (
				9364076FD453700369928CC9 /* [CP] Check Pods Manifest.lock */,
				0983DBB226D3AC3300E667FF /* Sources */,
				0983DBB326D3AC3300E667FF /* Frameworks */,
				0983DBB426D3AC3300E667FF /* Resources */,
				E5B06F9138F771AFF3A415C5 /* [CP] Embed Pods Frameworks */,
			);
			buildRules = (
			);
			dependencies = (
			);
			name = CRScrollViewLinkage;
			productName = CRScrollViewLinkage;
			productReference = 0983DBB626D3AC3300E667FF /* CRScrollViewLinkage.app */;
			productType = "com.apple.product-type.application";
		};
		0983DBD026D3AC3500E667FF /* CRScrollViewLinkageTests */ = {
			isa = PBXNativeTarget;
			buildConfigurationList = 0983DBE826D3AC3500E667FF /* Build configuration list for PBXNativeTarget "CRScrollViewLinkageTests" */;
			buildPhases = (
				373DD23B9873D608369D2BC3 /* [CP] Check Pods Manifest.lock */,
				0983DBCD26D3AC3500E667FF /* Sources */,
				0983DBCE26D3AC3500E667FF /* Frameworks */,
				0983DBCF26D3AC3500E667FF /* Resources */,
			);
			buildRules = (
			);
			dependencies = (
				0983DBD326D3AC3500E667FF /* PBXTargetDependency */,
			);
			name = CRScrollViewLinkageTests;
			productName = CRScrollViewLinkageTests;
			productReference = 0983DBD126D3AC3500E667FF /* CRScrollViewLinkageTests.xctest */;
			productType = "com.apple.product-type.bundle.unit-test";
		};
		0983DBDB26D3AC3500E667FF /* CRScrollViewLinkageUITests */ = {
			isa = PBXNativeTarget;
			buildConfigurationList = 0983DBEB26D3AC3500E667FF /* Build configuration list for PBXNativeTarget "CRScrollViewLinkageUITests" */;
			buildPhases = (
				4FBF14B5496C07AC71CBAA38 /* [CP] Check Pods Manifest.lock */,
				0983DBD826D3AC3500E667FF /* Sources */,
				0983DBD926D3AC3500E667FF /* Frameworks */,
				0983DBDA26D3AC3500E667FF /* Resources */,
				063D607D9994CF24D3F3BC43 /* [CP] Embed Pods Frameworks */,
			);
			buildRules = (
			);
			dependencies = (
				0983DBDE26D3AC3500E667FF /* PBXTargetDependency */,
			);
			name = CRScrollViewLinkageUITests;
			productName = CRScrollViewLinkageUITests;
			productReference = 0983DBDC26D3AC3500E667FF /* CRScrollViewLinkageUITests.xctest */;
			productType = "com.apple.product-type.bundle.ui-testing";
		};
/* End PBXNativeTarget section */

/* Begin PBXProject section */
		0983DBAE26D3AC3300E667FF /* Project object */ = {
			isa = PBXProject;
			attributes = {
				LastUpgradeCheck = 1250;
				TargetAttributes = {
					0983DBB526D3AC3300E667FF = {
						CreatedOnToolsVersion = 12.5;
					};
					0983DBD026D3AC3500E667FF = {
						CreatedOnToolsVersion = 12.5;
						TestTargetID = 0983DBB526D3AC3300E667FF;
					};
					0983DBDB26D3AC3500E667FF = {
						CreatedOnToolsVersion = 12.5;
						TestTargetID = 0983DBB526D3AC3300E667FF;
					};
				};
			};
			buildConfigurationList = 0983DBB126D3AC3300E667FF /* Build configuration list for PBXProject "CRScrollViewLinkage" */;
			compatibilityVersion = "Xcode 9.3";
			developmentRegion = en;
			hasScannedForEncodings = 0;
			knownRegions = (
				en,
				Base,
			);
			mainGroup = 0983DBAD26D3AC3300E667FF;
			productRefGroup = 0983DBB726D3AC3300E667FF /* Products */;
			projectDirPath = "";
			projectRoot = "";
			targets = (
				0983DBB526D3AC3300E667FF /* CRScrollViewLinkage */,
				0983DBD026D3AC3500E667FF /* CRScrollViewLinkageTests */,
				0983DBDB26D3AC3500E667FF /* CRScrollViewLinkageUITests */,
			);
		};
/* End PBXProject section */

/* Begin PBXResourcesBuildPhase section */
		0983DBB426D3AC3300E667FF /* Resources */ = {
			isa = PBXResourcesBuildPhase;
			buildActionMask = 2147483647;
			files = (
				0983DBC926D3AC3400E667FF /* LaunchScreen.storyboard in Resources */,
				0983DBC626D3AC3400E667FF /* Assets.xcassets in Resources */,
				0983DBC426D3AC3400E667FF /* Main.storyboard in Resources */,
			);
			runOnlyForDeploymentPostprocessing = 0;
		};
		0983DBCF26D3AC3500E667FF /* Resources */ = {
			isa = PBXResourcesBuildPhase;
			buildActionMask = 2147483647;
			files = (
			);
			runOnlyForDeploymentPostprocessing = 0;
		};
		0983DBDA26D3AC3500E667FF /* Resources */ = {
			isa = PBXResourcesBuildPhase;
			buildActionMask = 2147483647;
			files = (
			);
			runOnlyForDeploymentPostprocessing = 0;
		};
/* End PBXResourcesBuildPhase section */

/* Begin PBXShellScriptBuildPhase section */
		063D607D9994CF24D3F3BC43 /* [CP] Embed Pods Frameworks */ = {
			isa = PBXShellScriptBuildPhase;
			buildActionMask = 2147483647;
			files = (
			);
			inputFileListPaths = (
				"${PODS_ROOT}/Target Support Files/Pods-CRScrollViewLinkage-CRScrollViewLinkageUITests/Pods-CRScrollViewLinkage-CRScrollViewLinkageUITests-frameworks-${CONFIGURATION}-input-files.xcfilelist",
			);
			name = "[CP] Embed Pods Frameworks";
			outputFileListPaths = (
				"${PODS_ROOT}/Target Support Files/Pods-CRScrollViewLinkage-CRScrollViewLinkageUITests/Pods-CRScrollViewLinkage-CRScrollViewLinkageUITests-frameworks-${CONFIGURATION}-output-files.xcfilelist",
			);
			runOnlyForDeploymentPostprocessing = 0;
			shellPath = /bin/sh;
			shellScript = "\"${PODS_ROOT}/Target Support Files/Pods-CRScrollViewLinkage-CRScrollViewLinkageUITests/Pods-CRScrollViewLinkage-CRScrollViewLinkageUITests-frameworks.sh\"\n";
			showEnvVarsInLog = 0;
		};
		373DD23B9873D608369D2BC3 /* [CP] Check Pods Manifest.lock */ = {
			isa = PBXShellScriptBuildPhase;
			buildActionMask = 2147483647;
			files = (
			);
			inputFileListPaths = (
			);
			inputPaths = (
				"${PODS_PODFILE_DIR_PATH}/Podfile.lock",
				"${PODS_ROOT}/Manifest.lock",
			);
			name = "[CP] Check Pods Manifest.lock";
			outputFileListPaths = (
			);
			outputPaths = (
				"$(DERIVED_FILE_DIR)/Pods-CRScrollViewLinkageTests-checkManifestLockResult.txt",
			);
			runOnlyForDeploymentPostprocessing = 0;
			shellPath = /bin/sh;
			shellScript = "diff \"${PODS_PODFILE_DIR_PATH}/Podfile.lock\" \"${PODS_ROOT}/Manifest.lock\" > /dev/null\nif [ $? != 0 ] ; then\n    # print error to STDERR\n    echo \"error: The sandbox is not in sync with the Podfile.lock. Run 'pod install' or update your CocoaPods installation.\" >&2\n    exit 1\nfi\n# This output is used by Xcode 'outputs' to avoid re-running this script phase.\necho \"SUCCESS\" > \"${SCRIPT_OUTPUT_FILE_0}\"\n";
			showEnvVarsInLog = 0;
		};
		4FBF14B5496C07AC71CBAA38 /* [CP] Check Pods Manifest.lock */ = {
			isa = PBXShellScriptBuildPhase;
			buildActionMask = 2147483647;
			files = (
			);
			inputFileListPaths = (
			);
			inputPaths = (
				"${PODS_PODFILE_DIR_PATH}/Podfile.lock",
				"${PODS_ROOT}/Manifest.lock",
			);
			name = "[CP] Check Pods Manifest.lock";
			outputFileListPaths = (
			);
			outputPaths = (
				"$(DERIVED_FILE_DIR)/Pods-CRScrollViewLinkage-CRScrollViewLinkageUITests-checkManifestLockResult.txt",
			);
			runOnlyForDeploymentPostprocessing = 0;
			shellPath = /bin/sh;
			shellScript = "diff \"${PODS_PODFILE_DIR_PATH}/Podfile.lock\" \"${PODS_ROOT}/Manifest.lock\" > /dev/null\nif [ $? != 0 ] ; then\n    # print error to STDERR\n    echo \"error: The sandbox is not in sync with the Podfile.lock. Run 'pod install' or update your CocoaPods installation.\" >&2\n    exit 1\nfi\n# This output is used by Xcode 'outputs' to avoid re-running this script phase.\necho \"SUCCESS\" > \"${SCRIPT_OUTPUT_FILE_0}\"\n";
			showEnvVarsInLog = 0;
		};
		9364076FD453700369928CC9 /* [CP] Check Pods Manifest.lock */ = {
			isa = PBXShellScriptBuildPhase;
			buildActionMask = 2147483647;
			files = (
			);
			inputFileListPaths = (
			);
			inputPaths = (
				"${PODS_PODFILE_DIR_PATH}/Podfile.lock",
				"${PODS_ROOT}/Manifest.lock",
			);
			name = "[CP] Check Pods Manifest.lock";
			outputFileListPaths = (
			);
			outputPaths = (
				"$(DERIVED_FILE_DIR)/Pods-CRScrollViewLinkage-checkManifestLockResult.txt",
			);
			runOnlyForDeploymentPostprocessing = 0;
			shellPath = /bin/sh;
			shellScript = "diff \"${PODS_PODFILE_DIR_PATH}/Podfile.lock\" \"${PODS_ROOT}/Manifest.lock\" > /dev/null\nif [ $? != 0 ] ; then\n    # print error to STDERR\n    echo \"error: The sandbox is not in sync with the Podfile.lock. Run 'pod install' or update your CocoaPods installation.\" >&2\n    exit 1\nfi\n# This output is used by Xcode 'outputs' to avoid re-running this script phase.\necho \"SUCCESS\" > \"${SCRIPT_OUTPUT_FILE_0}\"\n";
			showEnvVarsInLog = 0;
		};
		E5B06F9138F771AFF3A415C5 /* [CP] Embed Pods Frameworks */ = {
			isa = PBXShellScriptBuildPhase;
			buildActionMask = 2147483647;
			files = (
			);
			inputFileListPaths = (
				"${PODS_ROOT}/Target Support Files/Pods-CRScrollViewLinkage/Pods-CRScrollViewLinkage-frameworks-${CONFIGURATION}-input-files.xcfilelist",
			);
			name = "[CP] Embed Pods Frameworks";
			outputFileListPaths = (
				"${PODS_ROOT}/Target Support Files/Pods-CRScrollViewLinkage/Pods-CRScrollViewLinkage-frameworks-${CONFIGURATION}-output-files.xcfilelist",
			);
			runOnlyForDeploymentPostprocessing = 0;
			shellPath = /bin/sh;
			shellScript = "\"${PODS_ROOT}/Target Support Files/Pods-CRScrollViewLinkage/Pods-CRScrollViewLinkage-frameworks.sh\"\n";
			showEnvVarsInLog = 0;
		};
/* End PBXShellScriptBuildPhase section */

/* Begin PBXSourcesBuildPhase section */
		0983DBB226D3AC3300E667FF /* Sources */ = {
			isa = PBXSourcesBuildPhase;
			buildActionMask = 2147483647;
			files = (
				0983DBF926D3AC6600E667FF /* BearChildTableView.m in Sources */,
				0983DC0B26D3AC8400E667FF /* LBLinkageManager.m in Sources */,
				0983DBF826D3AC6600E667FF /* BearTestScrollView.m in Sources */,
				0983DBC126D3AC3400E667FF /* ViewController.m in Sources */,
				0983DC0D26D3AC8400E667FF /* LBLinkageScrollViewHook.m in Sources */,
				0983DBBB26D3AC3400E667FF /* AppDelegate.m in Sources */,
				0983DBCC26D3AC3400E667FF /* main.m in Sources */,
				0983DBF726D3AC6600E667FF /* BearChildView.m in Sources */,
				0983DBBE26D3AC3400E667FF /* SceneDelegate.m in Sources */,
				0983DBF626D3AC6600E667FF /* BearTestBaseScrollView.m in Sources */,
				0983DC0C26D3AC8400E667FF /* LBLinkageHookInstanceCook.m in Sources */,
				0983DC0926D3AC8400E667FF /* UIScrollView+LBLinkage.m in Sources */,
				0983DC0A26D3AC8400E667FF /* LBLinkageConfig.m in Sources */,
			);
			runOnlyForDeploymentPostprocessing = 0;
		};
		0983DBCD26D3AC3500E667FF /* Sources */ = {
			isa = PBXSourcesBuildPhase;
			buildActionMask = 2147483647;
			files = (
				0983DBD626D3AC3500E667FF /* CRScrollViewLinkageTests.m in Sources */,
			);
			runOnlyForDeploymentPostprocessing = 0;
		};
		0983DBD826D3AC3500E667FF /* Sources */ = {
			isa = PBXSourcesBuildPhase;
			buildActionMask = 2147483647;
			files = (
				0983DBE126D3AC3500E667FF /* CRScrollViewLinkageUITests.m in Sources */,
			);
			runOnlyForDeploymentPostprocessing = 0;
		};
/* End PBXSourcesBuildPhase section */

/* Begin PBXTargetDependency section */
		0983DBD326D3AC3500E667FF /* PBXTargetDependency */ = {
			isa = PBXTargetDependency;
			target = 0983DBB526D3AC3300E667FF /* CRScrollViewLinkage */;
			targetProxy = 0983DBD226D3AC3500E667FF /* PBXContainerItemProxy */;
		};
		0983DBDE26D3AC3500E667FF /* PBXTargetDependency */ = {
			isa = PBXTargetDependency;
			target = 0983DBB526D3AC3300E667FF /* CRScrollViewLinkage */;
			targetProxy = 0983DBDD26D3AC3500E667FF /* PBXContainerItemProxy */;
		};
/* End PBXTargetDependency section */

/* Begin PBXVariantGroup section */
		0983DBC226D3AC3400E667FF /* Main.storyboard */ = {
			isa = PBXVariantGroup;
			children = (
				0983DBC326D3AC3400E667FF /* Base */,
			);
			name = Main.storyboard;
			sourceTree = "<group>";
		};
		0983DBC726D3AC3400E667FF /* LaunchScreen.storyboard */ = {
			isa = PBXVariantGroup;
			children = (
				0983DBC826D3AC3400E667FF /* Base */,
			);
			name = LaunchScreen.storyboard;
			sourceTree = "<group>";
		};
/* End PBXVariantGroup section */

/* Begin XCBuildConfiguration section */
		0983DBE326D3AC3500E667FF /* Debug */ = {
			isa = XCBuildConfiguration;
			buildSettings = {
				ALWAYS_SEARCH_USER_PATHS = NO;
				CLANG_ANALYZER_NONNULL = YES;
				CLANG_ANALYZER_NUMBER_OBJECT_CONVERSION = YES_AGGRESSIVE;
				CLANG_CXX_LANGUAGE_STANDARD = "gnu++14";
				CLANG_CXX_LIBRARY = "libc++";
				CLANG_ENABLE_MODULES = YES;
				CLANG_ENABLE_OBJC_ARC = YES;
				CLANG_ENABLE_OBJC_WEAK = YES;
				CLANG_WARN_BLOCK_CAPTURE_AUTORELEASING = YES;
				CLANG_WARN_BOOL_CONVERSION = YES;
				CLANG_WARN_COMMA = YES;
				CLANG_WARN_CONSTANT_CONVERSION = YES;
				CLANG_WARN_DEPRECATED_OBJC_IMPLEMENTATIONS = YES;
				CLANG_WARN_DIRECT_OBJC_ISA_USAGE = YES_ERROR;
				CLANG_WARN_DOCUMENTATION_COMMENTS = YES;
				CLANG_WARN_EMPTY_BODY = YES;
				CLANG_WARN_ENUM_CONVERSION = YES;
				CLANG_WARN_INFINITE_RECURSION = YES;
				CLANG_WARN_INT_CONVERSION = YES;
				CLANG_WARN_NON_LITERAL_NULL_CONVERSION = YES;
				CLANG_WARN_OBJC_IMPLICIT_RETAIN_SELF = YES;
				CLANG_WARN_OBJC_LITERAL_CONVERSION = YES;
				CLANG_WARN_OBJC_ROOT_CLASS = YES_ERROR;
				CLANG_WARN_QUOTED_INCLUDE_IN_FRAMEWORK_HEADER = YES;
				CLANG_WARN_RANGE_LOOP_ANALYSIS = YES;
				CLANG_WARN_STRICT_PROTOTYPES = YES;
				CLANG_WARN_SUSPICIOUS_MOVE = YES;
				CLANG_WARN_UNGUARDED_AVAILABILITY = YES_AGGRESSIVE;
				CLANG_WARN_UNREACHABLE_CODE = YES;
				CLANG_WARN__DUPLICATE_METHOD_MATCH = YES;
				COPY_PHASE_STRIP = NO;
				DEBUG_INFORMATION_FORMAT = dwarf;
				ENABLE_STRICT_OBJC_MSGSEND = YES;
				ENABLE_TESTABILITY = YES;
				GCC_C_LANGUAGE_STANDARD = gnu11;
				GCC_DYNAMIC_NO_PIC = NO;
				GCC_NO_COMMON_BLOCKS = YES;
				GCC_OPTIMIZATION_LEVEL = 0;
				GCC_PREPROCESSOR_DEFINITIONS = (
					"DEBUG=1",
					"$(inherited)",
				);
				GCC_WARN_64_TO_32_BIT_CONVERSION = YES;
				GCC_WARN_ABOUT_RETURN_TYPE = YES_ERROR;
				GCC_WARN_UNDECLARED_SELECTOR = YES;
				GCC_WARN_UNINITIALIZED_AUTOS = YES_AGGRESSIVE;
				GCC_WARN_UNUSED_FUNCTION = YES;
				GCC_WARN_UNUSED_VARIABLE = YES;
				IPHONEOS_DEPLOYMENT_TARGET = 14.5;
				MTL_ENABLE_DEBUG_INFO = INCLUDE_SOURCE;
				MTL_FAST_MATH = YES;
				ONLY_ACTIVE_ARCH = YES;
				SDKROOT = iphoneos;
			};
			name = Debug;
		};
		0983DBE426D3AC3500E667FF /* Release */ = {
			isa = XCBuildConfiguration;
			buildSettings = {
				ALWAYS_SEARCH_USER_PATHS = NO;
				CLANG_ANALYZER_NONNULL = YES;
				CLANG_ANALYZER_NUMBER_OBJECT_CONVERSION = YES_AGGRESSIVE;
				CLANG_CXX_LANGUAGE_STANDARD = "gnu++14";
				CLANG_CXX_LIBRARY = "libc++";
				CLANG_ENABLE_MODULES = YES;
				CLANG_ENABLE_OBJC_ARC = YES;
				CLANG_ENABLE_OBJC_WEAK = YES;
				CLANG_WARN_BLOCK_CAPTURE_AUTORELEASING = YES;
				CLANG_WARN_BOOL_CONVERSION = YES;
				CLANG_WARN_COMMA = YES;
				CLANG_WARN_CONSTANT_CONVERSION = YES;
				CLANG_WARN_DEPRECATED_OBJC_IMPLEMENTATIONS = YES;
				CLANG_WARN_DIRECT_OBJC_ISA_USAGE = YES_ERROR;
				CLANG_WARN_DOCUMENTATION_COMMENTS = YES;
				CLANG_WARN_EMPTY_BODY = YES;
				CLANG_WARN_ENUM_CONVERSION = YES;
				CLANG_WARN_INFINITE_RECURSION = YES;
				CLANG_WARN_INT_CONVERSION = YES;
				CLANG_WARN_NON_LITERAL_NULL_CONVERSION = YES;
				CLANG_WARN_OBJC_IMPLICIT_RETAIN_SELF = YES;
				CLANG_WARN_OBJC_LITERAL_CONVERSION = YES;
				CLANG_WARN_OBJC_ROOT_CLASS = YES_ERROR;
				CLANG_WARN_QUOTED_INCLUDE_IN_FRAMEWORK_HEADER = YES;
				CLANG_WARN_RANGE_LOOP_ANALYSIS = YES;
				CLANG_WARN_STRICT_PROTOTYPES = YES;
				CLANG_WARN_SUSPICIOUS_MOVE = YES;
				CLANG_WARN_UNGUARDED_AVAILABILITY = YES_AGGRESSIVE;
				CLANG_WARN_UNREACHABLE_CODE = YES;
				CLANG_WARN__DUPLICATE_METHOD_MATCH = YES;
				COPY_PHASE_STRIP = NO;
				DEBUG_INFORMATION_FORMAT = "dwarf-with-dsym";
				ENABLE_NS_ASSERTIONS = NO;
				ENABLE_STRICT_OBJC_MSGSEND = YES;
				GCC_C_LANGUAGE_STANDARD = gnu11;
				GCC_NO_COMMON_BLOCKS = YES;
				GCC_WARN_64_TO_32_BIT_CONVERSION = YES;
				GCC_WARN_ABOUT_RETURN_TYPE = YES_ERROR;
				GCC_WARN_UNDECLARED_SELECTOR = YES;
				GCC_WARN_UNINITIALIZED_AUTOS = YES_AGGRESSIVE;
				GCC_WARN_UNUSED_FUNCTION = YES;
				GCC_WARN_UNUSED_VARIABLE = YES;
				IPHONEOS_DEPLOYMENT_TARGET = 14.5;
				MTL_ENABLE_DEBUG_INFO = NO;
				MTL_FAST_MATH = YES;
				SDKROOT = iphoneos;
				VALIDATE_PRODUCT = YES;
			};
			name = Release;
		};
		0983DBE626D3AC3500E667FF /* Debug */ = {
			isa = XCBuildConfiguration;
			baseConfigurationReference = 2B513DFE0E24BA67E09DFAE6 /* Pods-CRScrollViewLinkage.debug.xcconfig */;
			buildSettings = {
				ASSETCATALOG_COMPILER_APPICON_NAME = AppIcon;
				ASSETCATALOG_COMPILER_GLOBAL_ACCENT_COLOR_NAME = AccentColor;
				CODE_SIGN_STYLE = Automatic;
				DEVELOPMENT_TEAM = FLMW38VA5X;
				INFOPLIST_FILE = CRScrollViewLinkage/Info.plist;
				IPHONEOS_DEPLOYMENT_TARGET = 11.0;
				LD_RUNPATH_SEARCH_PATHS = (
					"$(inherited)",
					"@executable_path/Frameworks",
				);
				PRODUCT_BUNDLE_IDENTIFIER = com.xiongran.CRScrollViewLinkage;
				PRODUCT_NAME = "$(TARGET_NAME)";
				TARGETED_DEVICE_FAMILY = "1,2";
			};
			name = Debug;
		};
		0983DBE726D3AC3500E667FF /* Release */ = {
			isa = XCBuildConfiguration;
			baseConfigurationReference = 97B7FA92AF9C0DDD97DCB12D /* Pods-CRScrollViewLinkage.release.xcconfig */;
			buildSettings = {
				ASSETCATALOG_COMPILER_APPICON_NAME = AppIcon;
				ASSETCATALOG_COMPILER_GLOBAL_ACCENT_COLOR_NAME = AccentColor;
				CODE_SIGN_STYLE = Automatic;
				DEVELOPMENT_TEAM = FLMW38VA5X;
				INFOPLIST_FILE = CRScrollViewLinkage/Info.plist;
				IPHONEOS_DEPLOYMENT_TARGET = 11.0;
				LD_RUNPATH_SEARCH_PATHS = (
					"$(inherited)",
					"@executable_path/Frameworks",
				);
				PRODUCT_BUNDLE_IDENTIFIER = com.xiongran.CRScrollViewLinkage;
				PRODUCT_NAME = "$(TARGET_NAME)";
				TARGETED_DEVICE_FAMILY = "1,2";
			};
			name = Release;
		};
		0983DBE926D3AC3500E667FF /* Debug */ = {
			isa = XCBuildConfiguration;
			baseConfigurationReference = A1867E79D46353036F189248 /* Pods-CRScrollViewLinkageTests.debug.xcconfig */;
			buildSettings = {
				BUNDLE_LOADER = "$(TEST_HOST)";
				CODE_SIGN_STYLE = Automatic;
				DEVELOPMENT_TEAM = FLMW38VA5X;
				INFOPLIST_FILE = CRScrollViewLinkageTests/Info.plist;
				IPHONEOS_DEPLOYMENT_TARGET = 14.5;
				LD_RUNPATH_SEARCH_PATHS = (
					"$(inherited)",
					"@executable_path/Frameworks",
					"@loader_path/Frameworks",
				);
				PRODUCT_BUNDLE_IDENTIFIER = com.xiongran.CRScrollViewLinkageTests;
				PRODUCT_NAME = "$(TARGET_NAME)";
				TARGETED_DEVICE_FAMILY = "1,2";
				TEST_HOST = "$(BUILT_PRODUCTS_DIR)/CRScrollViewLinkage.app/CRScrollViewLinkage";
			};
			name = Debug;
		};
		0983DBEA26D3AC3500E667FF /* Release */ = {
			isa = XCBuildConfiguration;
			baseConfigurationReference = EE140F9314ED1300E1011713 /* Pods-CRScrollViewLinkageTests.release.xcconfig */;
			buildSettings = {
				BUNDLE_LOADER = "$(TEST_HOST)";
				CODE_SIGN_STYLE = Automatic;
				DEVELOPMENT_TEAM = FLMW38VA5X;
				INFOPLIST_FILE = CRScrollViewLinkageTests/Info.plist;
				IPHONEOS_DEPLOYMENT_TARGET = 14.5;
				LD_RUNPATH_SEARCH_PATHS = (
					"$(inherited)",
					"@executable_path/Frameworks",
					"@loader_path/Frameworks",
				);
				PRODUCT_BUNDLE_IDENTIFIER = com.xiongran.CRScrollViewLinkageTests;
				PRODUCT_NAME = "$(TARGET_NAME)";
				TARGETED_DEVICE_FAMILY = "1,2";
				TEST_HOST = "$(BUILT_PRODUCTS_DIR)/CRScrollViewLinkage.app/CRScrollViewLinkage";
			};
			name = Release;
		};
		0983DBEC26D3AC3500E667FF /* Debug */ = {
			isa = XCBuildConfiguration;
			baseConfigurationReference = BCF9C669FBBD8715EE2587CD /* Pods-CRScrollViewLinkage-CRScrollViewLinkageUITests.debug.xcconfig */;
			buildSettings = {
				CODE_SIGN_STYLE = Automatic;
				DEVELOPMENT_TEAM = FLMW38VA5X;
				INFOPLIST_FILE = CRScrollViewLinkageUITests/Info.plist;
				LD_RUNPATH_SEARCH_PATHS = (
					"$(inherited)",
					"@executable_path/Frameworks",
					"@loader_path/Frameworks",
				);
				PRODUCT_BUNDLE_IDENTIFIER = com.xiongran.CRScrollViewLinkageUITests;
				PRODUCT_NAME = "$(TARGET_NAME)";
				TARGETED_DEVICE_FAMILY = "1,2";
				TEST_TARGET_NAME = CRScrollViewLinkage;
			};
			name = Debug;
		};
		0983DBED26D3AC3500E667FF /* Release */ = {
			isa = XCBuildConfiguration;
			baseConfigurationReference = C27123CF5B360351082DB0B3 /* Pods-CRScrollViewLinkage-CRScrollViewLinkageUITests.release.xcconfig */;
			buildSettings = {
				CODE_SIGN_STYLE = Automatic;
				DEVELOPMENT_TEAM = FLMW38VA5X;
				INFOPLIST_FILE = CRScrollViewLinkageUITests/Info.plist;
				LD_RUNPATH_SEARCH_PATHS = (
					"$(inherited)",
					"@executable_path/Frameworks",
					"@loader_path/Frameworks",
				);
				PRODUCT_BUNDLE_IDENTIFIER = com.xiongran.CRScrollViewLinkageUITests;
				PRODUCT_NAME = "$(TARGET_NAME)";
				TARGETED_DEVICE_FAMILY = "1,2";
				TEST_TARGET_NAME = CRScrollViewLinkage;
			};
			name = Release;
		};
/* End XCBuildConfiguration section */

/* Begin XCConfigurationList section */
		0983DBB126D3AC3300E667FF /* Build configuration list for PBXProject "CRScrollViewLinkage" */ = {
			isa = XCConfigurationList;
			buildConfigurations = (
				0983DBE326D3AC3500E667FF /* Debug */,
				0983DBE426D3AC3500E667FF /* Release */,
			);
			defaultConfigurationIsVisible = 0;
			defaultConfigurationName = Release;
		};
		0983DBE526D3AC3500E667FF /* Build configuration list for PBXNativeTarget "CRScrollViewLinkage" */ = {
			isa = XCConfigurationList;
			buildConfigurations = (
				0983DBE626D3AC3500E667FF /* Debug */,
				0983DBE726D3AC3500E667FF /* Release */,
			);
			defaultConfigurationIsVisible = 0;
			defaultConfigurationName = Release;
		};
		0983DBE826D3AC3500E667FF /* Build configuration list for PBXNativeTarget "CRScrollViewLinkageTests" */ = {
			isa = XCConfigurationList;
			buildConfigurations = (
				0983DBE926D3AC3500E667FF /* Debug */,
				0983DBEA26D3AC3500E667FF /* Release */,
			);
			defaultConfigurationIsVisible = 0;
			defaultConfigurationName = Release;
		};
		0983DBEB26D3AC3500E667FF /* Build configuration list for PBXNativeTarget "CRScrollViewLinkageUITests" */ = {
			isa = XCConfigurationList;
			buildConfigurations = (
				0983DBEC26D3AC3500E667FF /* Debug */,
				0983DBED26D3AC3500E667FF /* Release */,
			);
			defaultConfigurationIsVisible = 0;
			defaultConfigurationName = Release;
		};
/* End XCConfigurationList section */
	};
	rootObject = 0983DBAE26D3AC3300E667FF /* Project object */;
}
